
Microsoft Visual Studio Solution File, Format Version 12.00
# Visual Studio Version 17
VisualStudioVersion = 17.3.32611.2
MinimumVisualStudioVersion = 10.0.40219.1
Project("{FAE04EC0-301F-11D3-BF4B-00C04F79EFBC}") = "catsNdogs", "catsNdogs\catsNdogs.csproj", "{8CFF126E-9F48-44A9-BE3D-8C94327450E8}"
EndProject
Global
	GlobalSection(SolutionConfigurationPlatforms) = preSolution
		Debug|Any CPU = Debug|Any CPU
		Release|Any CPU = Release|Any CPU
	EndGlobalSection
	GlobalSection(ProjectConfigurationPlatforms) = postSolution
		{8CFF126E-9F48-44A9-BE3D-8C94327450E8}.Debug|Any CPU.ActiveCfg = Debug|Any CPU
		{8CFF126E-9F48-44A9-BE3D-8C94327450E8}.Debug|Any CPU.Build.0 = Debug|Any CPU
		{8CFF126E-9F48-44A9-BE3D-8C94327450E8}.Release|Any CPU.ActiveCfg = Release|Any CPU
		{8CFF126E-9F48-44A9-BE3D-8C94327450E8}.Release|Any CPU.Build.0 = Release|Any CPU
	EndGlobalSection
	GlobalSection(SolutionProperties) = preSolution
		HideSolutionNode = FALSE
	EndGlobalSection
	GlobalSection(ExtensibilityGlobals) = postSolution
		SolutionGuid = {524F2387-C73F-4186-A2F8-5E8BD58F323C}
	EndGlobalSection
EndGlobal
